
Microsoft Visual Studio Solution File, Format Version 12.00
# Visual Studio Version 16
VisualStudioVersion = 16.0.32106.194
MinimumVisualStudioVersion = 10.0.40219.1
Project("{FAE04EC0-301F-11D3-BF4B-00C04F79EFBC}") = "mysitaproject", "mysitaproject.csproj", "{9494BC48-B61A-46A3-A14F-E8850B6069BA}"
EndProject
Global
	GlobalSection(SolutionConfigurationPlatforms) = preSolution
		Debug|Any CPU = Debug|Any CPU
		Release|Any CPU = Release|Any CPU
	EndGlobalSection
	GlobalSection(ProjectConfigurationPlatforms) = postSolution
		{9494BC48-B61A-46A3-A14F-E8850B6069BA}.Debug|Any CPU.ActiveCfg = Debug|Any CPU
		{9494BC48-B61A-46A3-A14F-E8850B6069BA}.Debug|Any CPU.Build.0 = Debug|Any CPU
		{9494BC48-B61A-46A3-A14F-E8850B6069BA}.Release|Any CPU.ActiveCfg = Release|Any CPU
		{9494BC48-B61A-46A3-A14F-E8850B6069BA}.Release|Any CPU.Build.0 = Release|Any CPU
	EndGlobalSection
	GlobalSection(SolutionProperties) = preSolution
		HideSolutionNode = FALSE
	EndGlobalSection
	GlobalSection(ExtensibilityGlobals) = postSolution
		SolutionGuid = {60EC3C4A-D3EF-4F06-9935-90151D04FB82}
	EndGlobalSection
EndGlobal
